
Microsoft Visual Studio Solution File, Format Version 12.00
# Visual Studio Version 17
VisualStudioVersion = 17.7.34009.444
MinimumVisualStudioVersion = 10.0.40219.1
Project("{FAE04EC0-301F-11D3-BF4B-00C04F79EFBC}") = "JogoDeAdivinhação", "JogoDeAdivinhação\JogoDeAdivinhação.csproj", "{070C6F53-E990-470C-A3F3-1867EDE0DBD0}"
EndProject
Global
	GlobalSection(SolutionConfigurationPlatforms) = preSolution
		Debug|Any CPU = Debug|Any CPU
		Release|Any CPU = Release|Any CPU
	EndGlobalSection
	GlobalSection(ProjectConfigurationPlatforms) = postSolution
		{070C6F53-E990-470C-A3F3-1867EDE0DBD0}.Debug|Any CPU.ActiveCfg = Debug|Any CPU
		{070C6F53-E990-470C-A3F3-1867EDE0DBD0}.Debug|Any CPU.Build.0 = Debug|Any CPU
		{070C6F53-E990-470C-A3F3-1867EDE0DBD0}.Release|Any CPU.ActiveCfg = Release|Any CPU
		{070C6F53-E990-470C-A3F3-1867EDE0DBD0}.Release|Any CPU.Build.0 = Release|Any CPU
	EndGlobalSection
	GlobalSection(SolutionProperties) = preSolution
		HideSolutionNode = FALSE
	EndGlobalSection
	GlobalSection(ExtensibilityGlobals) = postSolution
		SolutionGuid = {B6F75568-058A-486C-B174-C45DDA86578E}
	EndGlobalSection
EndGlobal
